
Microsoft Visual Studio Solution File, Format Version 12.00
# Visual Studio Version 17
VisualStudioVersion = 17.14.36414.22
MinimumVisualStudioVersion = 10.0.40219.1
Project("{FAE04EC0-301F-11D3-BF4B-00C04F79EFBC}") = "SemanticKernelSampleAgent", "sample-agent\SemanticKernelSampleAgent.csproj", "{8CBB159F-2929-49A8-C300-E6F8194FB636}"
EndProject
Project("{FAE04EC0-301F-11D3-BF4B-00C04F79EFBC}") = "AspireOTelServiceDefaults", "..\AspireOTelServiceDefaults\AspireOTelServiceDefaults.csproj", "{AD051E44-BC52-C3A1-EDA8-A8CE3731A0CB}"
EndProject
Project("{2150E333-8FDC-42A3-9474-1A3956D46DE8}") = "Assets", "Assets", "{02EA681E-C7D8-13C7-8484-4AC65E1B71E8}"
	ProjectSection(SolutionItems) = preProject
		nuget.config = nuget.config
	EndProjectSection
EndProject
Global
	GlobalSection(SolutionConfigurationPlatforms) = preSolution
		Debug|Any CPU = Debug|Any CPU
		Release|Any CPU = Release|Any CPU
	EndGlobalSection
	GlobalSection(ProjectConfigurationPlatforms) = postSolution
		{8CBB159F-2929-49A8-C300-E6F8194FB636}.Debug|Any CPU.ActiveCfg = Debug|Any CPU
		{8CBB159F-2929-49A8-C300-E6F8194FB636}.Debug|Any CPU.Build.0 = Debug|Any CPU
		{8CBB159F-2929-49A8-C300-E6F8194FB636}.Release|Any CPU.ActiveCfg = Release|Any CPU
		{8CBB159F-2929-49A8-C300-E6F8194FB636}.Release|Any CPU.Build.0 = Release|Any CPU
		{AD051E44-BC52-C3A1-EDA8-A8CE3731A0CB}.Debug|Any CPU.ActiveCfg = Debug|Any CPU
		{AD051E44-BC52-C3A1-EDA8-A8CE3731A0CB}.Debug|Any CPU.Build.0 = Debug|Any CPU
		{AD051E44-BC52-C3A1-EDA8-A8CE3731A0CB}.Release|Any CPU.ActiveCfg = Release|Any CPU
		{AD051E44-BC52-C3A1-EDA8-A8CE3731A0CB}.Release|Any CPU.Build.0 = Release|Any CPU
	EndGlobalSection
	GlobalSection(SolutionProperties) = preSolution
		HideSolutionNode = FALSE
	EndGlobalSection
	GlobalSection(ExtensibilityGlobals) = postSolution
		SolutionGuid = {4BB18351-B926-45B2-918B-D5E337BA126F}
	EndGlobalSection
EndGlobal
